
Microsoft Visual Studio Solution File, Format Version 12.00
# Visual Studio Version 16
VisualStudioVersion = 16.0.30330.147
MinimumVisualStudioVersion = 10.0.40219.1
Project("{9A19103F-16F7-4668-BE54-9A1E7A4F7556}") = "InterWMSApp", "InterWMSApp\InterWMSApp.csproj", "{DDC5E294-79CD-44A2-817D-435BB41A287A}"
EndProject
Global
	GlobalSection(SolutionConfigurationPlatforms) = preSolution
		Debug|Any CPU = Debug|Any CPU
		Release|Any CPU = Release|Any CPU
	EndGlobalSection
	GlobalSection(ProjectConfigurationPlatforms) = postSolution
		{DDC5E294-79CD-44A2-817D-435BB41A287A}.Debug|Any CPU.ActiveCfg = Debug|Any CPU
		{DDC5E294-79CD-44A2-817D-435BB41A287A}.Debug|Any CPU.Build.0 = Debug|Any CPU
		{DDC5E294-79CD-44A2-817D-435BB41A287A}.Release|Any CPU.ActiveCfg = Release|Any CPU
		{DDC5E294-79CD-44A2-817D-435BB41A287A}.Release|Any CPU.Build.0 = Release|Any CPU
	EndGlobalSection
	GlobalSection(SolutionProperties) = preSolution
		HideSolutionNode = FALSE
	EndGlobalSection
	GlobalSection(ExtensibilityGlobals) = postSolution
		SolutionGuid = {24A06EDD-E4CE-4F4A-B1D6-4F6139B198DE}
	EndGlobalSection
EndGlobal
